
Microsoft Visual Studio Solution File, Format Version 12.00
# Visual Studio Version 17
VisualStudioVersion = 17.14.37628.2 d17.14
MinimumVisualStudioVersion = 10.0.40219.1
Project("{FAE04EC0-301F-11D3-BF4B-00C04F79EFBC}") = "15. Vectores LCMM", "15. Vectores LCMM\15. Vectores LCMM.csproj", "{2ABF290B-AC54-49A4-80A5-D2DAF8BCF9BF}"
EndProject
Global
	GlobalSection(SolutionConfigurationPlatforms) = preSolution
		Debug|Any CPU = Debug|Any CPU
		Release|Any CPU = Release|Any CPU
	EndGlobalSection
	GlobalSection(ProjectConfigurationPlatforms) = postSolution
		{2ABF290B-AC54-49A4-80A5-D2DAF8BCF9BF}.Debug|Any CPU.ActiveCfg = Debug|Any CPU
		{2ABF290B-AC54-49A4-80A5-D2DAF8BCF9BF}.Debug|Any CPU.Build.0 = Debug|Any CPU
		{2ABF290B-AC54-49A4-80A5-D2DAF8BCF9BF}.Release|Any CPU.ActiveCfg = Release|Any CPU
		{2ABF290B-AC54-49A4-80A5-D2DAF8BCF9BF}.Release|Any CPU.Build.0 = Release|Any CPU
	EndGlobalSection
	GlobalSection(SolutionProperties) = preSolution
		HideSolutionNode = FALSE
	EndGlobalSection
	GlobalSection(ExtensibilityGlobals) = postSolution
		SolutionGuid = {48AAC359-1E6C-4FBA-93B3-F42F4D2C147D}
	EndGlobalSection
EndGlobal
